# THIS IS AN AUTOGENERATED FILE. DO NOT EDIT THIS FILE DIRECTLY.
# yarn lockfile v1


create-next-app@^13.0.6:
  version "13.0.6"
  resolved "https://registry.yarnpkg.com/create-next-app/-/create-next-app-13.0.6.tgz#e7cd1e174da89e57e807a9ab572d3ce116c885d3"
  integrity sha512-dVJNqFWR7JWYCQwIcF1X8QJlatTV/B9iVj0QbdScXnZQQWQFz8k+kfgKeYulrSay5qVuNxadMcCgs6/nPm4/Fw==
